
Microsoft Visual Studio Solution File, Format Version 12.00
# Visual Studio Version 17
VisualStudioVersion = 17.3.32811.315
MinimumVisualStudioVersion = 10.0.40219.1
Project("{9A19103F-16F7-4668-BE54-9A1E7A4F7556}") = "TestProject", "TestProject\TestProject.csproj", "{99B1797A-5E2D-4BAC-9EE8-FED3437904E1}"
EndProject
Project("{2150E333-8FDC-42A3-9474-1A3956D46DE8}") = "Udemy_Unit Testing TDD Meisterkurs", "Udemy_Unit Testing TDD Meisterkurs", "{3C4C54E1-5C7B-4EC0-B4FF-52AEB4B913BE}"
EndProject
Project("{9A19103F-16F7-4668-BE54-9A1E7A4F7556}") = "Calculator", "Udemy_Unit Testing TDD Meisterkurs\Calculator\Calculator.csproj", "{B44FF296-A473-492A-AF38-64680625AE4E}"
EndProject
Project("{9A19103F-16F7-4668-BE54-9A1E7A4F7556}") = "Calculator.Tests", "Udemy_Unit Testing TDD Meisterkurs\Calculator.Tests\Calculator.Tests.csproj", "{51FE2F80-8AEA-42B4-950C-096BF7598FB4}"
EndProject
Project("{9A19103F-16F7-4668-BE54-9A1E7A4F7556}") = "CurrencyPairs", "Udemy_Unit Testing TDD Meisterkurs\CurrencyPairs\CurrencyPairs.csproj", "{029EEDFA-C70E-4835-93EB-B0EF8143FC8C}"
EndProject
Project("{9A19103F-16F7-4668-BE54-9A1E7A4F7556}") = "CurrencyPairs.Test", "Udemy_Unit Testing TDD Meisterkurs\CurrencyPairs.Test\CurrencyPairs.Test.csproj", "{3F33A7C4-EDC9-4894-AA62-5FD577B58164}"
EndProject
Project("{9A19103F-16F7-4668-BE54-9A1E7A4F7556}") = "DetermineWinnerFunctionPerformance", "DetermineWinnerFunctionPerformance\DetermineWinnerFunctionPerformance.csproj", "{DBEDBC2F-780E-4940-9F45-E74D5B55D805}"
EndProject
Project("{FAE04EC0-301F-11D3-BF4B-00C04F79EFBC}") = "PerformanceTestDetermineWinnerTicTacToe", "PerformanceTestDetermineWinnerTicTacToe\PerformanceTestDetermineWinnerTicTacToe.csproj", "{F546EFB6-7CD2-4BB8-B23F-61C0C692811D}"
EndProject
Global
	GlobalSection(SolutionConfigurationPlatforms) = preSolution
		Debug|Any CPU = Debug|Any CPU
		Release|Any CPU = Release|Any CPU
	EndGlobalSection
	GlobalSection(ProjectConfigurationPlatforms) = postSolution
		{99B1797A-5E2D-4BAC-9EE8-FED3437904E1}.Debug|Any CPU.ActiveCfg = Debug|Any CPU
		{99B1797A-5E2D-4BAC-9EE8-FED3437904E1}.Debug|Any CPU.Build.0 = Debug|Any CPU
		{99B1797A-5E2D-4BAC-9EE8-FED3437904E1}.Release|Any CPU.ActiveCfg = Release|Any CPU
		{99B1797A-5E2D-4BAC-9EE8-FED3437904E1}.Release|Any CPU.Build.0 = Release|Any CPU
		{B44FF296-A473-492A-AF38-64680625AE4E}.Debug|Any CPU.ActiveCfg = Debug|Any CPU
		{B44FF296-A473-492A-AF38-64680625AE4E}.Debug|Any CPU.Build.0 = Debug|Any CPU
		{B44FF296-A473-492A-AF38-64680625AE4E}.Release|Any CPU.ActiveCfg = Release|Any CPU
		{B44FF296-A473-492A-AF38-64680625AE4E}.Release|Any CPU.Build.0 = Release|Any CPU
		{51FE2F80-8AEA-42B4-950C-096BF7598FB4}.Debug|Any CPU.ActiveCfg = Debug|Any CPU
		{51FE2F80-8AEA-42B4-950C-096BF7598FB4}.Debug|Any CPU.Build.0 = Debug|Any CPU
		{51FE2F80-8AEA-42B4-950C-096BF7598FB4}.Release|Any CPU.ActiveCfg = Release|Any CPU
		{51FE2F80-8AEA-42B4-950C-096BF7598FB4}.Release|Any CPU.Build.0 = Release|Any CPU
		{029EEDFA-C70E-4835-93EB-B0EF8143FC8C}.Debug|Any CPU.ActiveCfg = Debug|Any CPU
		{029EEDFA-C70E-4835-93EB-B0EF8143FC8C}.Debug|Any CPU.Build.0 = Debug|Any CPU
		{029EEDFA-C70E-4835-93EB-B0EF8143FC8C}.Release|Any CPU.ActiveCfg = Release|Any CPU
		{029EEDFA-C70E-4835-93EB-B0EF8143FC8C}.Release|Any CPU.Build.0 = Release|Any CPU
		{3F33A7C4-EDC9-4894-AA62-5FD577B58164}.Debug|Any CPU.ActiveCfg = Debug|Any CPU
		{3F33A7C4-EDC9-4894-AA62-5FD577B58164}.Debug|Any CPU.Build.0 = Debug|Any CPU
		{3F33A7C4-EDC9-4894-AA62-5FD577B58164}.Release|Any CPU.ActiveCfg = Release|Any CPU
		{3F33A7C4-EDC9-4894-AA62-5FD577B58164}.Release|Any CPU.Build.0 = Release|Any CPU
		{DBEDBC2F-780E-4940-9F45-E74D5B55D805}.Debug|Any CPU.ActiveCfg = Debug|Any CPU
		{DBEDBC2F-780E-4940-9F45-E74D5B55D805}.Debug|Any CPU.Build.0 = Debug|Any CPU
		{DBEDBC2F-780E-4940-9F45-E74D5B55D805}.Release|Any CPU.ActiveCfg = Release|Any CPU
		{DBEDBC2F-780E-4940-9F45-E74D5B55D805}.Release|Any CPU.Build.0 = Release|Any CPU
		{F546EFB6-7CD2-4BB8-B23F-61C0C692811D}.Debug|Any CPU.ActiveCfg = Debug|Any CPU
		{F546EFB6-7CD2-4BB8-B23F-61C0C692811D}.Debug|Any CPU.Build.0 = Debug|Any CPU
		{F546EFB6-7CD2-4BB8-B23F-61C0C692811D}.Release|Any CPU.ActiveCfg = Release|Any CPU
		{F546EFB6-7CD2-4BB8-B23F-61C0C692811D}.Release|Any CPU.Build.0 = Release|Any CPU
	EndGlobalSection
	GlobalSection(SolutionProperties) = preSolution
		HideSolutionNode = FALSE
	EndGlobalSection
	GlobalSection(NestedProjects) = preSolution
		{B44FF296-A473-492A-AF38-64680625AE4E} = {3C4C54E1-5C7B-4EC0-B4FF-52AEB4B913BE}
		{51FE2F80-8AEA-42B4-950C-096BF7598FB4} = {3C4C54E1-5C7B-4EC0-B4FF-52AEB4B913BE}
		{029EEDFA-C70E-4835-93EB-B0EF8143FC8C} = {3C4C54E1-5C7B-4EC0-B4FF-52AEB4B913BE}
		{3F33A7C4-EDC9-4894-AA62-5FD577B58164} = {3C4C54E1-5C7B-4EC0-B4FF-52AEB4B913BE}
	EndGlobalSection
	GlobalSection(ExtensibilityGlobals) = postSolution
		SolutionGuid = {C5CDDF4A-9AEA-4A72-827E-00D80D14D51A}
	EndGlobalSection
EndGlobal
